
Microsoft Visual Studio Solution File, Format Version 12.00
# Visual Studio Version 16
VisualStudioVersion = 16.0.30011.22
MinimumVisualStudioVersion = 10.0.40219.1
Project("{FAE04EC0-301F-11D3-BF4B-00C04F79EFBC}") = "AWS19052020", "AWS19052020\AWS19052020.csproj", "{DFD33DFC-DBD9-4C25-9B84-269C41B21973}"
EndProject
Global
	GlobalSection(SolutionConfigurationPlatforms) = preSolution
		Debug|Any CPU = Debug|Any CPU
		Release|Any CPU = Release|Any CPU
	EndGlobalSection
	GlobalSection(ProjectConfigurationPlatforms) = postSolution
		{DFD33DFC-DBD9-4C25-9B84-269C41B21973}.Debug|Any CPU.ActiveCfg = Debug|Any CPU
		{DFD33DFC-DBD9-4C25-9B84-269C41B21973}.Debug|Any CPU.Build.0 = Debug|Any CPU
		{DFD33DFC-DBD9-4C25-9B84-269C41B21973}.Release|Any CPU.ActiveCfg = Release|Any CPU
		{DFD33DFC-DBD9-4C25-9B84-269C41B21973}.Release|Any CPU.Build.0 = Release|Any CPU
	EndGlobalSection
	GlobalSection(SolutionProperties) = preSolution
		HideSolutionNode = FALSE
	EndGlobalSection
	GlobalSection(ExtensibilityGlobals) = postSolution
		SolutionGuid = {A9A60045-3D06-42C4-AE2E-A026DE2B934E}
	EndGlobalSection
EndGlobal
